// !$*UTF8*$!
{
	archiveVersion = 1;
	classes = {
	};
	objectVersion = 56;
	objects = {

/* Begin PBXBuildFile section */
		8805A4EF2CFFA926009B2B30 /* Protocols.swift in Sources */ = {isa = PBXBuildFile; fileRef = 8805A4EE2CFFA926009B2B30 /* Protocols.swift */; };
		8805A4F12CFFA965009B2B30 /* Presenter.swift in Sources */ = {isa = PBXBuildFile; fileRef = 8805A4F02CFFA965009B2B30 /* Presenter.swift */; };
		8805A4F32CFFA999009B2B30 /* Interactor.swift in Sources */ = {isa = PBXBuildFile; fileRef = 8805A4F22CFFA999009B2B30 /* Interactor.swift */; };
		8805A4F52CFFA9D9009B2B30 /* Assembly.swift in Sources */ = {isa = PBXBuildFile; fileRef = 8805A4F42CFFA9D9009B2B30 /* Assembly.swift */; };
		8805A4F72CFFAA0F009B2B30 /* Models.swift in Sources */ = {isa = PBXBuildFile; fileRef = 8805A4F62CFFAA0F009B2B30 /* Models.swift */; };
		8805A4FB2CFFAC02009B2B30 /* WishMakerViewController+Slider.swift in Sources */ = {isa = PBXBuildFile; fileRef = 8805A4FA2CFFAC02009B2B30 /* WishMakerViewController+Slider.swift */; };
		8805A4FD2CFFACBF009B2B30 /* WishMakerViewController+UI.swift in Sources */ = {isa = PBXBuildFile; fileRef = 8805A4FC2CFFACBF009B2B30 /* WishMakerViewController+UI.swift */; };
		8805A4FF2CFFAD78009B2B30 /* Constants.swift in Sources */ = {isa = PBXBuildFile; fileRef = 8805A4FE2CFFAD78009B2B30 /* Constants.swift */; };
		8822E0FF2D0246FB00B76C04 /* WishEventModel.xcdatamodeld in Sources */ = {isa = PBXBuildFile; fileRef = 8822E0FD2D0246FB00B76C04 /* WishEventModel.xcdatamodeld */; };
		8822E1022D024AC000B76C04 /* WishCalendarViewController+Data.swift in Sources */ = {isa = PBXBuildFile; fileRef = 8822E1012D024AC000B76C04 /* WishCalendarViewController+Data.swift */; };
		888E9F1E2D022557003653CB /* PaddedTextField.swift in Sources */ = {isa = PBXBuildFile; fileRef = 888E9F1D2D022557003653CB /* PaddedTextField.swift */; };
		888E9F202D02292E003653CB /* WishEventCreationViewController+UI.swift in Sources */ = {isa = PBXBuildFile; fileRef = 888E9F1F2D02292E003653CB /* WishEventCreationViewController+UI.swift */; };
		888F58912CDAB04B007FB800 /* AppDelegate.swift in Sources */ = {isa = PBXBuildFile; fileRef = 888F58902CDAB04B007FB800 /* AppDelegate.swift */; };
		888F58932CDAB04B007FB800 /* SceneDelegate.swift in Sources */ = {isa = PBXBuildFile; fileRef = 888F58922CDAB04B007FB800 /* SceneDelegate.swift */; };
		888F589A2CDAB04D007FB800 /* Assets.xcassets in Resources */ = {isa = PBXBuildFile; fileRef = 888F58992CDAB04D007FB800 /* Assets.xcassets */; };
		888F589D2CDAB04D007FB800 /* LaunchScreen.storyboard in Resources */ = {isa = PBXBuildFile; fileRef = 888F589B2CDAB04D007FB800 /* LaunchScreen.storyboard */; };
		888F58A52CDAB18B007FB800 /* WishMakerViewController.swift in Sources */ = {isa = PBXBuildFile; fileRef = 888F58A42CDAB18B007FB800 /* WishMakerViewController.swift */; };
		888F58A72CDAB1AF007FB800 /* CustomSlider.swift in Sources */ = {isa = PBXBuildFile; fileRef = 888F58A62CDAB1AF007FB800 /* CustomSlider.swift */; };
		888F58A92CDAB1D3007FB800 /* UIView+Pin.swift in Sources */ = {isa = PBXBuildFile; fileRef = 888F58A82CDAB1D3007FB800 /* UIView+Pin.swift */; };
		888F58AB2CDAB1F6007FB800 /* WishStoringViewController.swift in Sources */ = {isa = PBXBuildFile; fileRef = 888F58AA2CDAB1F6007FB800 /* WishStoringViewController.swift */; };
		888F58AD2CDAB20D007FB800 /* WrittenWishCell.swift in Sources */ = {isa = PBXBuildFile; fileRef = 888F58AC2CDAB20D007FB800 /* WrittenWishCell.swift */; };
		888F58AF2CDAB2C0007FB800 /* AddWishCell.swift in Sources */ = {isa = PBXBuildFile; fileRef = 888F58AE2CDAB2C0007FB800 /* AddWishCell.swift */; };
		88B606D02D00CF2400F9FE1F /* WishCalendarViewController.swift in Sources */ = {isa = PBXBuildFile; fileRef = 88B606CF2D00CF2400F9FE1F /* WishCalendarViewController.swift */; };
		88B606D22D00DC0400F9FE1F /* WishCalendarViewController+UI.swift in Sources */ = {isa = PBXBuildFile; fileRef = 88B606D12D00DC0400F9FE1F /* WishCalendarViewController+UI.swift */; };
		88B606D62D00E6F700F9FE1F /* WishEventCell.swift in Sources */ = {isa = PBXBuildFile; fileRef = 88B606D52D00E6F700F9FE1F /* WishEventCell.swift */; };
		88B606D92D00E87900F9FE1F /* WishEventCell+UI.swift in Sources */ = {isa = PBXBuildFile; fileRef = 88B606D82D00E87900F9FE1F /* WishEventCell+UI.swift */; };
		88B606DB2D00EEE300F9FE1F /* CalendarManager.swift in Sources */ = {isa = PBXBuildFile; fileRef = 88B606DA2D00EEE300F9FE1F /* CalendarManager.swift */; };
		AA867B052D01ECF000AC3FBD /* WishEventCreationViewController.swift in Sources */ = {isa = PBXBuildFile; fileRef = AA867B042D01ECF000AC3FBD /* WishEventCreationViewController.swift */; };
/* End PBXBuildFile section */

/* Begin PBXFileReference section */
		8805A4EE2CFFA926009B2B30 /* Protocols.swift */ = {isa = PBXFileReference; lastKnownFileType = sourcecode.swift; path = Protocols.swift; sourceTree = "<group>"; };
		8805A4F02CFFA965009B2B30 /* Presenter.swift */ = {isa = PBXFileReference; lastKnownFileType = sourcecode.swift; path = Presenter.swift; sourceTree = "<group>"; };
		8805A4F22CFFA999009B2B30 /* Interactor.swift */ = {isa = PBXFileReference; lastKnownFileType = sourcecode.swift; path = Interactor.swift; sourceTree = "<group>"; };
		8805A4F42CFFA9D9009B2B30 /* Assembly.swift */ = {isa = PBXFileReference; lastKnownFileType = sourcecode.swift; path = Assembly.swift; sourceTree = "<group>"; };
		8805A4F62CFFAA0F009B2B30 /* Models.swift */ = {isa = PBXFileReference; lastKnownFileType = sourcecode.swift; path = Models.swift; sourceTree = "<group>"; };
		8805A4FA2CFFAC02009B2B30 /* WishMakerViewController+Slider.swift */ = {isa = PBXFileReference; lastKnownFileType = sourcecode.swift; path = "WishMakerViewController+Slider.swift"; sourceTree = "<group>"; };
		8805A4FC2CFFACBF009B2B30 /* WishMakerViewController+UI.swift */ = {isa = PBXFileReference; lastKnownFileType = sourcecode.swift; path = "WishMakerViewController+UI.swift"; sourceTree = "<group>"; };
		8805A4FE2CFFAD78009B2B30 /* Constants.swift */ = {isa = PBXFileReference; lastKnownFileType = sourcecode.swift; path = Constants.swift; sourceTree = "<group>"; };
		8822E0FE2D0246FB00B76C04 /* WishEventModel.xcdatamodel */ = {isa = PBXFileReference; lastKnownFileType = wrapper.xcdatamodel; path = WishEventModel.xcdatamodel; sourceTree = "<group>"; };
		8822E1012D024AC000B76C04 /* WishCalendarViewController+Data.swift */ = {isa = PBXFileReference; lastKnownFileType = sourcecode.swift; path = "WishCalendarViewController+Data.swift"; sourceTree = "<group>"; };
		888E9F1D2D022557003653CB /* PaddedTextField.swift */ = {isa = PBXFileReference; lastKnownFileType = sourcecode.swift; path = PaddedTextField.swift; sourceTree = "<group>"; };
		888E9F1F2D02292E003653CB /* WishEventCreationViewController+UI.swift */ = {isa = PBXFileReference; lastKnownFileType = sourcecode.swift; path = "WishEventCreationViewController+UI.swift"; sourceTree = "<group>"; };
		888F588D2CDAB04B007FB800 /* eikhromovaPW2.app */ = {isa = PBXFileReference; explicitFileType = wrapper.application; includeInIndex = 0; path = eikhromovaPW2.app; sourceTree = BUILT_PRODUCTS_DIR; };
		888F58902CDAB04B007FB800 /* AppDelegate.swift */ = {isa = PBXFileReference; lastKnownFileType = sourcecode.swift; path = AppDelegate.swift; sourceTree = "<group>"; };
		888F58922CDAB04B007FB800 /* SceneDelegate.swift */ = {isa = PBXFileReference; lastKnownFileType = sourcecode.swift; path = SceneDelegate.swift; sourceTree = "<group>"; };
		888F58992CDAB04D007FB800 /* Assets.xcassets */ = {isa = PBXFileReference; lastKnownFileType = folder.assetcatalog; path = Assets.xcassets; sourceTree = "<group>"; };
		888F589C2CDAB04D007FB800 /* Base */ = {isa = PBXFileReference; lastKnownFileType = file.storyboard; name = Base; path = Base.lproj/LaunchScreen.storyboard; sourceTree = "<group>"; };
		888F589E2CDAB04D007FB800 /* Info.plist */ = {isa = PBXFileReference; lastKnownFileType = text.plist.xml; path = Info.plist; sourceTree = "<group>"; };
		888F58A42CDAB18B007FB800 /* WishMakerViewController.swift */ = {isa = PBXFileReference; lastKnownFileType = sourcecode.swift; path = WishMakerViewController.swift; sourceTree = "<group>"; };
		888F58A62CDAB1AF007FB800 /* CustomSlider.swift */ = {isa = PBXFileReference; lastKnownFileType = sourcecode.swift; path = CustomSlider.swift; sourceTree = "<group>"; };
		888F58A82CDAB1D3007FB800 /* UIView+Pin.swift */ = {isa = PBXFileReference; lastKnownFileType = sourcecode.swift; path = "UIView+Pin.swift"; sourceTree = "<group>"; };
		888F58AA2CDAB1F6007FB800 /* WishStoringViewController.swift */ = {isa = PBXFileReference; lastKnownFileType = sourcecode.swift; path = WishStoringViewController.swift; sourceTree = "<group>"; };
		888F58AC2CDAB20D007FB800 /* WrittenWishCell.swift */ = {isa = PBXFileReference; lastKnownFileType = sourcecode.swift; path = WrittenWishCell.swift; sourceTree = "<group>"; };
		888F58AE2CDAB2C0007FB800 /* AddWishCell.swift */ = {isa = PBXFileReference; lastKnownFileType = sourcecode.swift; path = AddWishCell.swift; sourceTree = "<group>"; };
		88B606CF2D00CF2400F9FE1F /* WishCalendarViewController.swift */ = {isa = PBXFileReference; lastKnownFileType = sourcecode.swift; path = WishCalendarViewController.swift; sourceTree = "<group>"; };
		88B606D12D00DC0400F9FE1F /* WishCalendarViewController+UI.swift */ = {isa = PBXFileReference; lastKnownFileType = sourcecode.swift; path = "WishCalendarViewController+UI.swift"; sourceTree = "<group>"; };
		88B606D52D00E6F700F9FE1F /* WishEventCell.swift */ = {isa = PBXFileReference; lastKnownFileType = sourcecode.swift; path = WishEventCell.swift; sourceTree = "<group>"; };
		88B606D82D00E87900F9FE1F /* WishEventCell+UI.swift */ = {isa = PBXFileReference; lastKnownFileType = sourcecode.swift; path = "WishEventCell+UI.swift"; sourceTree = "<group>"; };
		88B606DA2D00EEE300F9FE1F /* CalendarManager.swift */ = {isa = PBXFileReference; lastKnownFileType = sourcecode.swift; path = CalendarManager.swift; sourceTree = "<group>"; };
		AA867B042D01ECF000AC3FBD /* WishEventCreationViewController.swift */ = {isa = PBXFileReference; lastKnownFileType = sourcecode.swift; path = WishEventCreationViewController.swift; sourceTree = "<group>"; };
/* End PBXFileReference section */

/* Begin PBXFrameworksBuildPhase section */
		888F588A2CDAB04B007FB800 /* Frameworks */ = {
			isa = PBXFrameworksBuildPhase;
			buildActionMask = 2147483647;
			files = (
			);
			runOnlyForDeploymentPostprocessing = 0;
		};
/* End PBXFrameworksBuildPhase section */

/* Begin PBXGroup section */
		8805A4EA2CFFA795009B2B30 /* Scenes */ = {
			isa = PBXGroup;
			children = (
				888E9F1C2D021CDF003653CB /* WishEventCreationScene */,
				88B606CE2D00CEE000F9FE1F /* WishCalendarScene */,
				8805A4EC2CFFA7CB009B2B30 /* WishStoringScene */,
				8805A4EB2CFFA7B5009B2B30 /* WishMakerScene */,
			);
			path = Scenes;
			sourceTree = "<group>";
		};
		8805A4EB2CFFA7B5009B2B30 /* WishMakerScene */ = {
			isa = PBXGroup;
			children = (
				8805A4F82CFFABCC009B2B30 /* ViewController */,
				888F58A62CDAB1AF007FB800 /* CustomSlider.swift */,
				8805A4EE2CFFA926009B2B30 /* Protocols.swift */,
				8805A4F02CFFA965009B2B30 /* Presenter.swift */,
				8805A4F22CFFA999009B2B30 /* Interactor.swift */,
				8805A4F42CFFA9D9009B2B30 /* Assembly.swift */,
				8805A4F62CFFAA0F009B2B30 /* Models.swift */,
			);
			path = WishMakerScene;
			sourceTree = "<group>";
		};
		8805A4EC2CFFA7CB009B2B30 /* WishStoringScene */ = {
			isa = PBXGroup;
			children = (
				888F58AE2CDAB2C0007FB800 /* AddWishCell.swift */,
				888F58AA2CDAB1F6007FB800 /* WishStoringViewController.swift */,
				888F58AC2CDAB20D007FB800 /* WrittenWishCell.swift */,
			);
			path = WishStoringScene;
			sourceTree = "<group>";
		};
		8805A4F82CFFABCC009B2B30 /* ViewController */ = {
			isa = PBXGroup;
			children = (
				888F58A42CDAB18B007FB800 /* WishMakerViewController.swift */,
				8805A4FA2CFFAC02009B2B30 /* WishMakerViewController+Slider.swift */,
				8805A4FC2CFFACBF009B2B30 /* WishMakerViewController+UI.swift */,
			);
			path = ViewController;
			sourceTree = "<group>";
		};
		8822E1002D024A7900B76C04 /* WishEventCell */ = {
			isa = PBXGroup;
			children = (
				88B606D82D00E87900F9FE1F /* WishEventCell+UI.swift */,
				88B606D52D00E6F700F9FE1F /* WishEventCell.swift */,
			);
			path = WishEventCell;
			sourceTree = "<group>";
		};
		888E9F1C2D021CDF003653CB /* WishEventCreationScene */ = {
			isa = PBXGroup;
			children = (
				AA867B042D01ECF000AC3FBD /* WishEventCreationViewController.swift */,
				888E9F1D2D022557003653CB /* PaddedTextField.swift */,
				888E9F1F2D02292E003653CB /* WishEventCreationViewController+UI.swift */,
			);
			path = WishEventCreationScene;
			sourceTree = "<group>";
		};
		888F58842CDAB04B007FB800 = {
			isa = PBXGroup;
			children = (
				888F588F2CDAB04B007FB800 /* eikhromovaPW2 */,
				888F588E2CDAB04B007FB800 /* Products */,
			);
			sourceTree = "<group>";
		};
		888F588E2CDAB04B007FB800 /* Products */ = {
			isa = PBXGroup;
			children = (
				888F588D2CDAB04B007FB800 /* eikhromovaPW2.app */,
			);
			name = Products;
			sourceTree = "<group>";
		};
		888F588F2CDAB04B007FB800 /* eikhromovaPW2 */ = {
			isa = PBXGroup;
			children = (
				8822E0FD2D0246FB00B76C04 /* WishEventModel.xcdatamodeld */,
				8805A4EA2CFFA795009B2B30 /* Scenes */,
				888F58902CDAB04B007FB800 /* AppDelegate.swift */,
				888F58922CDAB04B007FB800 /* SceneDelegate.swift */,
				888F58992CDAB04D007FB800 /* Assets.xcassets */,
				888F589B2CDAB04D007FB800 /* LaunchScreen.storyboard */,
				888F589E2CDAB04D007FB800 /* Info.plist */,
				888F58A82CDAB1D3007FB800 /* UIView+Pin.swift */,
				8805A4FE2CFFAD78009B2B30 /* Constants.swift */,
			);
			path = eikhromovaPW2;
			sourceTree = "<group>";
		};
		88B606CE2D00CEE000F9FE1F /* WishCalendarScene */ = {
			isa = PBXGroup;
			children = (
				8822E1002D024A7900B76C04 /* WishEventCell */,
				88B606CF2D00CF2400F9FE1F /* WishCalendarViewController.swift */,
				88B606D12D00DC0400F9FE1F /* WishCalendarViewController+UI.swift */,
				88B606DA2D00EEE300F9FE1F /* CalendarManager.swift */,
				8822E1012D024AC000B76C04 /* WishCalendarViewController+Data.swift */,
			);
			path = WishCalendarScene;
			sourceTree = "<group>";
		};
/* End PBXGroup section */

/* Begin PBXNativeTarget section */
		888F588C2CDAB04B007FB800 /* eikhromovaPW2 */ = {
			isa = PBXNativeTarget;
			buildConfigurationList = 888F58A12CDAB04D007FB800 /* Build configuration list for PBXNativeTarget "eikhromovaPW2" */;
			buildPhases = (
				888F58892CDAB04B007FB800 /* Sources */,
				888F588A2CDAB04B007FB800 /* Frameworks */,
				888F588B2CDAB04B007FB800 /* Resources */,
			);
			buildRules = (
			);
			dependencies = (
			);
			name = eikhromovaPW2;
			productName = eikhromovaPW2;
			productReference = 888F588D2CDAB04B007FB800 /* eikhromovaPW2.app */;
			productType = "com.apple.product-type.application";
		};
/* End PBXNativeTarget section */

/* Begin PBXProject section */
		888F58852CDAB04B007FB800 /* Project object */ = {
			isa = PBXProject;
			attributes = {
				BuildIndependentTargetsInParallel = 1;
				LastSwiftUpdateCheck = 1430;
				LastUpgradeCheck = 1430;
				TargetAttributes = {
					888F588C2CDAB04B007FB800 = {
						CreatedOnToolsVersion = 14.3;
					};
				};
			};
			buildConfigurationList = 888F58882CDAB04B007FB800 /* Build configuration list for PBXProject "eikhromovaPW2" */;
			compatibilityVersion = "Xcode 14.0";
			developmentRegion = en;
			hasScannedForEncodings = 0;
			knownRegions = (
				en,
				Base,
			);
			mainGroup = 888F58842CDAB04B007FB800;
			productRefGroup = 888F588E2CDAB04B007FB800 /* Products */;
			projectDirPath = "";
			projectRoot = "";
			targets = (
				888F588C2CDAB04B007FB800 /* eikhromovaPW2 */,
			);
		};
/* End PBXProject section */

/* Begin PBXResourcesBuildPhase section */
		888F588B2CDAB04B007FB800 /* Resources */ = {
			isa = PBXResourcesBuildPhase;
			buildActionMask = 2147483647;
			files = (
				888F589D2CDAB04D007FB800 /* LaunchScreen.storyboard in Resources */,
				888F589A2CDAB04D007FB800 /* Assets.xcassets in Resources */,
			);
			runOnlyForDeploymentPostprocessing = 0;
		};
/* End PBXResourcesBuildPhase section */

/* Begin PBXSourcesBuildPhase section */
		888F58892CDAB04B007FB800 /* Sources */ = {
			isa = PBXSourcesBuildPhase;
			buildActionMask = 2147483647;
			files = (
				8805A4F12CFFA965009B2B30 /* Presenter.swift in Sources */,
				8805A4FD2CFFACBF009B2B30 /* WishMakerViewController+UI.swift in Sources */,
				8805A4F72CFFAA0F009B2B30 /* Models.swift in Sources */,
				88B606DB2D00EEE300F9FE1F /* CalendarManager.swift in Sources */,
				88B606D92D00E87900F9FE1F /* WishEventCell+UI.swift in Sources */,
				888E9F202D02292E003653CB /* WishEventCreationViewController+UI.swift in Sources */,
				8805A4F52CFFA9D9009B2B30 /* Assembly.swift in Sources */,
				888F58AF2CDAB2C0007FB800 /* AddWishCell.swift in Sources */,
				888F58AD2CDAB20D007FB800 /* WrittenWishCell.swift in Sources */,
				AA867B052D01ECF000AC3FBD /* WishEventCreationViewController.swift in Sources */,
				8805A4FB2CFFAC02009B2B30 /* WishMakerViewController+Slider.swift in Sources */,
				8822E1022D024AC000B76C04 /* WishCalendarViewController+Data.swift in Sources */,
				8805A4FF2CFFAD78009B2B30 /* Constants.swift in Sources */,
				888F58AB2CDAB1F6007FB800 /* WishStoringViewController.swift in Sources */,
				8822E0FF2D0246FB00B76C04 /* WishEventModel.xcdatamodeld in Sources */,
				8805A4F32CFFA999009B2B30 /* Interactor.swift in Sources */,
				8805A4EF2CFFA926009B2B30 /* Protocols.swift in Sources */,
				88B606D02D00CF2400F9FE1F /* WishCalendarViewController.swift in Sources */,
				888F58A92CDAB1D3007FB800 /* UIView+Pin.swift in Sources */,
				888F58912CDAB04B007FB800 /* AppDelegate.swift in Sources */,
				888F58932CDAB04B007FB800 /* SceneDelegate.swift in Sources */,
				888F58A52CDAB18B007FB800 /* WishMakerViewController.swift in Sources */,
				888F58A72CDAB1AF007FB800 /* CustomSlider.swift in Sources */,
				88B606D62D00E6F700F9FE1F /* WishEventCell.swift in Sources */,
				88B606D22D00DC0400F9FE1F /* WishCalendarViewController+UI.swift in Sources */,
				888E9F1E2D022557003653CB /* PaddedTextField.swift in Sources */,
			);
			runOnlyForDeploymentPostprocessing = 0;
		};
/* End PBXSourcesBuildPhase section */

/* Begin PBXVariantGroup section */
		888F589B2CDAB04D007FB800 /* LaunchScreen.storyboard */ = {
			isa = PBXVariantGroup;
			children = (
				888F589C2CDAB04D007FB800 /* Base */,
			);
			name = LaunchScreen.storyboard;
			sourceTree = "<group>";
		};
/* End PBXVariantGroup section */

/* Begin XCBuildConfiguration section */
		888F589F2CDAB04D007FB800 /* Debug */ = {
			isa = XCBuildConfiguration;
			buildSettings = {
				ALWAYS_SEARCH_USER_PATHS = NO;
				CLANG_ANALYZER_NONNULL = YES;
				CLANG_ANALYZER_NUMBER_OBJECT_CONVERSION = YES_AGGRESSIVE;
				CLANG_CXX_LANGUAGE_STANDARD = "gnu++20";
				CLANG_ENABLE_MODULES = YES;
				CLANG_ENABLE_OBJC_ARC = YES;
				CLANG_ENABLE_OBJC_WEAK = YES;
				CLANG_WARN_BLOCK_CAPTURE_AUTORELEASING = YES;
				CLANG_WARN_BOOL_CONVERSION = YES;
				CLANG_WARN_COMMA = YES;
				CLANG_WARN_CONSTANT_CONVERSION = YES;
				CLANG_WARN_DEPRECATED_OBJC_IMPLEMENTATIONS = YES;
				CLANG_WARN_DIRECT_OBJC_ISA_USAGE = YES_ERROR;
				CLANG_WARN_DOCUMENTATION_COMMENTS = YES;
				CLANG_WARN_EMPTY_BODY = YES;
				CLANG_WARN_ENUM_CONVERSION = YES;
				CLANG_WARN_INFINITE_RECURSION = YES;
				CLANG_WARN_INT_CONVERSION = YES;
				CLANG_WARN_NON_LITERAL_NULL_CONVERSION = YES;
				CLANG_WARN_OBJC_IMPLICIT_RETAIN_SELF = YES;
				CLANG_WARN_OBJC_LITERAL_CONVERSION = YES;
				CLANG_WARN_OBJC_ROOT_CLASS = YES_ERROR;
				CLANG_WARN_QUOTED_INCLUDE_IN_FRAMEWORK_HEADER = YES;
				CLANG_WARN_RANGE_LOOP_ANALYSIS = YES;
				CLANG_WARN_STRICT_PROTOTYPES = YES;
				CLANG_WARN_SUSPICIOUS_MOVE = YES;
				CLANG_WARN_UNGUARDED_AVAILABILITY = YES_AGGRESSIVE;
				CLANG_WARN_UNREACHABLE_CODE = YES;
				CLANG_WARN__DUPLICATE_METHOD_MATCH = YES;
				COPY_PHASE_STRIP = NO;
				DEBUG_INFORMATION_FORMAT = dwarf;
				ENABLE_STRICT_OBJC_MSGSEND = YES;
				ENABLE_TESTABILITY = YES;
				GCC_C_LANGUAGE_STANDARD = gnu11;
				GCC_DYNAMIC_NO_PIC = NO;
				GCC_NO_COMMON_BLOCKS = YES;
				GCC_OPTIMIZATION_LEVEL = 0;
				GCC_PREPROCESSOR_DEFINITIONS = (
					"DEBUG=1",
					"$(inherited)",
				);
				GCC_WARN_64_TO_32_BIT_CONVERSION = YES;
				GCC_WARN_ABOUT_RETURN_TYPE = YES_ERROR;
				GCC_WARN_UNDECLARED_SELECTOR = YES;
				GCC_WARN_UNINITIALIZED_AUTOS = YES_AGGRESSIVE;
				GCC_WARN_UNUSED_FUNCTION = YES;
				GCC_WARN_UNUSED_VARIABLE = YES;
				IPHONEOS_DEPLOYMENT_TARGET = 16.4;
				MTL_ENABLE_DEBUG_INFO = INCLUDE_SOURCE;
				MTL_FAST_MATH = YES;
				ONLY_ACTIVE_ARCH = YES;
				SDKROOT = iphoneos;
				SWIFT_ACTIVE_COMPILATION_CONDITIONS = DEBUG;
				SWIFT_OPTIMIZATION_LEVEL = "-Onone";
			};
			name = Debug;
		};
		888F58A02CDAB04D007FB800 /* Release */ = {
			isa = XCBuildConfiguration;
			buildSettings = {
				ALWAYS_SEARCH_USER_PATHS = NO;
				CLANG_ANALYZER_NONNULL = YES;
				CLANG_ANALYZER_NUMBER_OBJECT_CONVERSION = YES_AGGRESSIVE;
				CLANG_CXX_LANGUAGE_STANDARD = "gnu++20";
				CLANG_ENABLE_MODULES = YES;
				CLANG_ENABLE_OBJC_ARC = YES;
				CLANG_ENABLE_OBJC_WEAK = YES;
				CLANG_WARN_BLOCK_CAPTURE_AUTORELEASING = YES;
				CLANG_WARN_BOOL_CONVERSION = YES;
				CLANG_WARN_COMMA = YES;
				CLANG_WARN_CONSTANT_CONVERSION = YES;
				CLANG_WARN_DEPRECATED_OBJC_IMPLEMENTATIONS = YES;
				CLANG_WARN_DIRECT_OBJC_ISA_USAGE = YES_ERROR;
				CLANG_WARN_DOCUMENTATION_COMMENTS = YES;
				CLANG_WARN_EMPTY_BODY = YES;
				CLANG_WARN_ENUM_CONVERSION = YES;
				CLANG_WARN_INFINITE_RECURSION = YES;
				CLANG_WARN_INT_CONVERSION = YES;
				CLANG_WARN_NON_LITERAL_NULL_CONVERSION = YES;
				CLANG_WARN_OBJC_IMPLICIT_RETAIN_SELF = YES;
				CLANG_WARN_OBJC_LITERAL_CONVERSION = YES;
				CLANG_WARN_OBJC_ROOT_CLASS = YES_ERROR;
				CLANG_WARN_QUOTED_INCLUDE_IN_FRAMEWORK_HEADER = YES;
				CLANG_WARN_RANGE_LOOP_ANALYSIS = YES;
				CLANG_WARN_STRICT_PROTOTYPES = YES;
				CLANG_WARN_SUSPICIOUS_MOVE = YES;
				CLANG_WARN_UNGUARDED_AVAILABILITY = YES_AGGRESSIVE;
				CLANG_WARN_UNREACHABLE_CODE = YES;
				CLANG_WARN__DUPLICATE_METHOD_MATCH = YES;
				COPY_PHASE_STRIP = NO;
				DEBUG_INFORMATION_FORMAT = "dwarf-with-dsym";
				ENABLE_NS_ASSERTIONS = NO;
				ENABLE_STRICT_OBJC_MSGSEND = YES;
				GCC_C_LANGUAGE_STANDARD = gnu11;
				GCC_NO_COMMON_BLOCKS = YES;
				GCC_WARN_64_TO_32_BIT_CONVERSION = YES;
				GCC_WARN_ABOUT_RETURN_TYPE = YES_ERROR;
				GCC_WARN_UNDECLARED_SELECTOR = YES;
				GCC_WARN_UNINITIALIZED_AUTOS = YES_AGGRESSIVE;
				GCC_WARN_UNUSED_FUNCTION = YES;
				GCC_WARN_UNUSED_VARIABLE = YES;
				IPHONEOS_DEPLOYMENT_TARGET = 16.4;
				MTL_ENABLE_DEBUG_INFO = NO;
				MTL_FAST_MATH = YES;
				SDKROOT = iphoneos;
				SWIFT_COMPILATION_MODE = wholemodule;
				SWIFT_OPTIMIZATION_LEVEL = "-O";
				VALIDATE_PRODUCT = YES;
			};
			name = Release;
		};
		888F58A22CDAB04D007FB800 /* Debug */ = {
			isa = XCBuildConfiguration;
			buildSettings = {
				ASSETCATALOG_COMPILER_APPICON_NAME = AppIcon;
				ASSETCATALOG_COMPILER_GLOBAL_ACCENT_COLOR_NAME = AccentColor;
				CODE_SIGN_STYLE = Automatic;
				CURRENT_PROJECT_VERSION = 1;
				GENERATE_INFOPLIST_FILE = YES;
				INFOPLIST_FILE = eikhromovaPW2/Info.plist;
				INFOPLIST_KEY_UIApplicationSupportsIndirectInputEvents = YES;
				INFOPLIST_KEY_UILaunchStoryboardName = LaunchScreen;
				INFOPLIST_KEY_UISupportedInterfaceOrientations_iPad = "UIInterfaceOrientationPortrait UIInterfaceOrientationPortraitUpsideDown UIInterfaceOrientationLandscapeLeft UIInterfaceOrientationLandscapeRight";
				INFOPLIST_KEY_UISupportedInterfaceOrientations_iPhone = "UIInterfaceOrientationPortrait UIInterfaceOrientationLandscapeLeft UIInterfaceOrientationLandscapeRight";
				LD_RUNPATH_SEARCH_PATHS = (
					"$(inherited)",
					"@executable_path/Frameworks",
				);
				MARKETING_VERSION = 1.0;
				PRODUCT_BUNDLE_IDENTIFIER = hse.eikhromovaPW2;
				PRODUCT_NAME = "$(TARGET_NAME)";
				SWIFT_EMIT_LOC_STRINGS = YES;
				SWIFT_VERSION = 5.0;
				TARGETED_DEVICE_FAMILY = "1,2";
			};
			name = Debug;
		};
		888F58A32CDAB04D007FB800 /* Release */ = {
			isa = XCBuildConfiguration;
			buildSettings = {
				ASSETCATALOG_COMPILER_APPICON_NAME = AppIcon;
				ASSETCATALOG_COMPILER_GLOBAL_ACCENT_COLOR_NAME = AccentColor;
				CODE_SIGN_STYLE = Automatic;
				CURRENT_PROJECT_VERSION = 1;
				GENERATE_INFOPLIST_FILE = YES;
				INFOPLIST_FILE = eikhromovaPW2/Info.plist;
				INFOPLIST_KEY_UIApplicationSupportsIndirectInputEvents = YES;
				INFOPLIST_KEY_UILaunchStoryboardName = LaunchScreen;
				INFOPLIST_KEY_UISupportedInterfaceOrientations_iPad = "UIInterfaceOrientationPortrait UIInterfaceOrientationPortraitUpsideDown UIInterfaceOrientationLandscapeLeft UIInterfaceOrientationLandscapeRight";
				INFOPLIST_KEY_UISupportedInterfaceOrientations_iPhone = "UIInterfaceOrientationPortrait UIInterfaceOrientationLandscapeLeft UIInterfaceOrientationLandscapeRight";
				LD_RUNPATH_SEARCH_PATHS = (
					"$(inherited)",
					"@executable_path/Frameworks",
				);
				MARKETING_VERSION = 1.0;
				PRODUCT_BUNDLE_IDENTIFIER = hse.eikhromovaPW2;
				PRODUCT_NAME = "$(TARGET_NAME)";
				SWIFT_EMIT_LOC_STRINGS = YES;
				SWIFT_VERSION = 5.0;
				TARGETED_DEVICE_FAMILY = "1,2";
			};
			name = Release;
		};
/* End XCBuildConfiguration section */

/* Begin XCConfigurationList section */
		888F58882CDAB04B007FB800 /* Build configuration list for PBXProject "eikhromovaPW2" */ = {
			isa = XCConfigurationList;
			buildConfigurations = (
				888F589F2CDAB04D007FB800 /* Debug */,
				888F58A02CDAB04D007FB800 /* Release */,
			);
			defaultConfigurationIsVisible = 0;
			defaultConfigurationName = Release;
		};
		888F58A12CDAB04D007FB800 /* Build configuration list for PBXNativeTarget "eikhromovaPW2" */ = {
			isa = XCConfigurationList;
			buildConfigurations = (
				888F58A22CDAB04D007FB800 /* Debug */,
				888F58A32CDAB04D007FB800 /* Release */,
			);
			defaultConfigurationIsVisible = 0;
			defaultConfigurationName = Release;
		};
/* End XCConfigurationList section */

/* Begin XCVersionGroup section */
		8822E0FD2D0246FB00B76C04 /* WishEventModel.xcdatamodeld */ = {
			isa = XCVersionGroup;
			children = (
				8822E0FE2D0246FB00B76C04 /* WishEventModel.xcdatamodel */,
			);
			currentVersion = 8822E0FE2D0246FB00B76C04 /* WishEventModel.xcdatamodel */;
			path = WishEventModel.xcdatamodeld;
			sourceTree = "<group>";
			versionGroupType = wrapper.xcdatamodel;
		};
/* End XCVersionGroup section */
	};
	rootObject = 888F58852CDAB04B007FB800 /* Project object */;
}
